
Microsoft Visual Studio Solution File, Format Version 12.00
# Visual Studio Version 16
VisualStudioVersion = 16.0.29102.190
MinimumVisualStudioVersion = 10.0.40219.1
Project("{9A19103F-16F7-4668-BE54-9A1E7A4F7556}") = "WerehouseOrders.Web", "WerehouseOrders.Web\WerehouseOrders.Web.csproj", "{727B96E3-FE50-4C34-BD2C-0B01D9D1E87D}"
EndProject
Project("{9A19103F-16F7-4668-BE54-9A1E7A4F7556}") = "WerehouseOrders.Data", "WerehouseOrders.Data\WerehouseOrders.Data.csproj", "{F8CC09F6-C948-4331-8B47-C7F4E383D8B6}"
EndProject
Project("{9A19103F-16F7-4668-BE54-9A1E7A4F7556}") = "WerehouseOrders.Services", "WerehouseOrders.Services\WerehouseOrders.Services.csproj", "{7155AAD1-10E4-46BF-8B03-8E43C6E80F3C}"
EndProject
Project("{9A19103F-16F7-4668-BE54-9A1E7A4F7556}") = "WerehouseOrders.Models", "WerehouseOrders.Models\WerehouseOrders.Models.csproj", "{FCCC039B-D78D-4F2D-8FB0-F6350C39E0C6}"
EndProject
Project("{9A19103F-16F7-4668-BE54-9A1E7A4F7556}") = "WerehouseOrders.Utils", "WerehouseOrders.Utils\WerehouseOrders.Utils.csproj", "{D271DE13-6B54-4BCB-BF10-C094CAA099A4}"
EndProject
Global
	GlobalSection(SolutionConfigurationPlatforms) = preSolution
		Debug|Any CPU = Debug|Any CPU
		Release|Any CPU = Release|Any CPU
	EndGlobalSection
	GlobalSection(ProjectConfigurationPlatforms) = postSolution
		{727B96E3-FE50-4C34-BD2C-0B01D9D1E87D}.Debug|Any CPU.ActiveCfg = Debug|Any CPU
		{727B96E3-FE50-4C34-BD2C-0B01D9D1E87D}.Debug|Any CPU.Build.0 = Debug|Any CPU
		{727B96E3-FE50-4C34-BD2C-0B01D9D1E87D}.Release|Any CPU.ActiveCfg = Release|Any CPU
		{727B96E3-FE50-4C34-BD2C-0B01D9D1E87D}.Release|Any CPU.Build.0 = Release|Any CPU
		{F8CC09F6-C948-4331-8B47-C7F4E383D8B6}.Debug|Any CPU.ActiveCfg = Debug|Any CPU
		{F8CC09F6-C948-4331-8B47-C7F4E383D8B6}.Debug|Any CPU.Build.0 = Debug|Any CPU
		{F8CC09F6-C948-4331-8B47-C7F4E383D8B6}.Release|Any CPU.ActiveCfg = Release|Any CPU
		{F8CC09F6-C948-4331-8B47-C7F4E383D8B6}.Release|Any CPU.Build.0 = Release|Any CPU
		{7155AAD1-10E4-46BF-8B03-8E43C6E80F3C}.Debug|Any CPU.ActiveCfg = Debug|Any CPU
		{7155AAD1-10E4-46BF-8B03-8E43C6E80F3C}.Debug|Any CPU.Build.0 = Debug|Any CPU
		{7155AAD1-10E4-46BF-8B03-8E43C6E80F3C}.Release|Any CPU.ActiveCfg = Release|Any CPU
		{7155AAD1-10E4-46BF-8B03-8E43C6E80F3C}.Release|Any CPU.Build.0 = Release|Any CPU
		{FCCC039B-D78D-4F2D-8FB0-F6350C39E0C6}.Debug|Any CPU.ActiveCfg = Debug|Any CPU
		{FCCC039B-D78D-4F2D-8FB0-F6350C39E0C6}.Debug|Any CPU.Build.0 = Debug|Any CPU
		{FCCC039B-D78D-4F2D-8FB0-F6350C39E0C6}.Release|Any CPU.ActiveCfg = Release|Any CPU
		{FCCC039B-D78D-4F2D-8FB0-F6350C39E0C6}.Release|Any CPU.Build.0 = Release|Any CPU
		{D271DE13-6B54-4BCB-BF10-C094CAA099A4}.Debug|Any CPU.ActiveCfg = Debug|Any CPU
		{D271DE13-6B54-4BCB-BF10-C094CAA099A4}.Debug|Any CPU.Build.0 = Debug|Any CPU
		{D271DE13-6B54-4BCB-BF10-C094CAA099A4}.Release|Any CPU.ActiveCfg = Release|Any CPU
		{D271DE13-6B54-4BCB-BF10-C094CAA099A4}.Release|Any CPU.Build.0 = Release|Any CPU
	EndGlobalSection
	GlobalSection(SolutionProperties) = preSolution
		HideSolutionNode = FALSE
	EndGlobalSection
	GlobalSection(ExtensibilityGlobals) = postSolution
		SolutionGuid = {E702109F-4681-49D3-9924-AF4CEA624D12}
	EndGlobalSection
EndGlobal
